
Microsoft Visual Studio Solution File, Format Version 12.00
# Visual Studio Version 16
VisualStudioVersion = 16.0.30413.136
MinimumVisualStudioVersion = 10.0.40219.1
Project("{FAE04EC0-301F-11D3-BF4B-00C04F79EFBC}") = "web-app", "web-app\web-app.csproj", "{CC1CB74C-6D2E-4EBF-B713-EBDA6D95419F}"
EndProject
Global
	GlobalSection(SolutionConfigurationPlatforms) = preSolution
		Debug|Any CPU = Debug|Any CPU
		Release|Any CPU = Release|Any CPU
	EndGlobalSection
	GlobalSection(ProjectConfigurationPlatforms) = postSolution
		{CC1CB74C-6D2E-4EBF-B713-EBDA6D95419F}.Debug|Any CPU.ActiveCfg = Debug|Any CPU
		{CC1CB74C-6D2E-4EBF-B713-EBDA6D95419F}.Debug|Any CPU.Build.0 = Debug|Any CPU
		{CC1CB74C-6D2E-4EBF-B713-EBDA6D95419F}.Release|Any CPU.ActiveCfg = Release|Any CPU
		{CC1CB74C-6D2E-4EBF-B713-EBDA6D95419F}.Release|Any CPU.Build.0 = Release|Any CPU
	EndGlobalSection
	GlobalSection(SolutionProperties) = preSolution
		HideSolutionNode = FALSE
	EndGlobalSection
	GlobalSection(ExtensibilityGlobals) = postSolution
		SolutionGuid = {1693C227-AC8C-41E3-A592-69B40FB16CC3}
	EndGlobalSection
EndGlobal
